
Microsoft Visual Studio Solution File, Format Version 12.00
# Visual Studio 15
VisualStudioVersion = 15.0.26730.12
MinimumVisualStudioVersion = 10.0.40219.1
Project("{FAE04EC0-301F-11D3-BF4B-00C04F79EFBC}") = "SanteplosnabTelegramBot", "SanteplosnabTelegramBot\SanteplosnabTelegramBot.csproj", "{B82DF13E-E9A1-4765-ABF2-6846E3F45A21}"
EndProject
Global
	GlobalSection(SolutionConfigurationPlatforms) = preSolution
		Debug|Any CPU = Debug|Any CPU
		Release|Any CPU = Release|Any CPU
	EndGlobalSection
	GlobalSection(ProjectConfigurationPlatforms) = postSolution
		{B82DF13E-E9A1-4765-ABF2-6846E3F45A21}.Debug|Any CPU.ActiveCfg = Debug|Any CPU
		{B82DF13E-E9A1-4765-ABF2-6846E3F45A21}.Debug|Any CPU.Build.0 = Debug|Any CPU
		{B82DF13E-E9A1-4765-ABF2-6846E3F45A21}.Release|Any CPU.ActiveCfg = Release|Any CPU
		{B82DF13E-E9A1-4765-ABF2-6846E3F45A21}.Release|Any CPU.Build.0 = Release|Any CPU
	EndGlobalSection
	GlobalSection(SolutionProperties) = preSolution
		HideSolutionNode = FALSE
	EndGlobalSection
	GlobalSection(ExtensibilityGlobals) = postSolution
		SolutionGuid = {807F3E1D-037C-4692-BBEF-F08F4E8A426F}
	EndGlobalSection
EndGlobal
